
Microsoft Visual Studio Solution File, Format Version 12.00
# Visual Studio 15
VisualStudioVersion = 15.0.26124.0
MinimumVisualStudioVersion = 15.0.26124.0
Project("{FAE04EC0-301F-11D3-BF4B-00C04F79EFBC}") = "HelloWorldFunctional", "HelloWorldFunctional\HelloWorldFunctional.csproj", "{796515B1-0DE9-4FD2-85BD-9B047BE63FBB}"
EndProject
Project("{FAE04EC0-301F-11D3-BF4B-00C04F79EFBC}") = "FibonacciDemo", "FibonacciDemo\FibonacciDemo.csproj", "{BDB2C69F-644F-4562-8AC3-DB46C01630C2}"
EndProject
Global
	GlobalSection(SolutionConfigurationPlatforms) = preSolution
		Debug|Any CPU = Debug|Any CPU
		Debug|x64 = Debug|x64
		Debug|x86 = Debug|x86
		Release|Any CPU = Release|Any CPU
		Release|x64 = Release|x64
		Release|x86 = Release|x86
	EndGlobalSection
	GlobalSection(SolutionProperties) = preSolution
		HideSolutionNode = FALSE
	EndGlobalSection
	GlobalSection(ProjectConfigurationPlatforms) = postSolution
		{796515B1-0DE9-4FD2-85BD-9B047BE63FBB}.Debug|Any CPU.ActiveCfg = Debug|Any CPU
		{796515B1-0DE9-4FD2-85BD-9B047BE63FBB}.Debug|Any CPU.Build.0 = Debug|Any CPU
		{796515B1-0DE9-4FD2-85BD-9B047BE63FBB}.Debug|x64.ActiveCfg = Debug|Any CPU
		{796515B1-0DE9-4FD2-85BD-9B047BE63FBB}.Debug|x64.Build.0 = Debug|Any CPU
		{796515B1-0DE9-4FD2-85BD-9B047BE63FBB}.Debug|x86.ActiveCfg = Debug|Any CPU
		{796515B1-0DE9-4FD2-85BD-9B047BE63FBB}.Debug|x86.Build.0 = Debug|Any CPU
		{796515B1-0DE9-4FD2-85BD-9B047BE63FBB}.Release|Any CPU.ActiveCfg = Release|Any CPU
		{796515B1-0DE9-4FD2-85BD-9B047BE63FBB}.Release|Any CPU.Build.0 = Release|Any CPU
		{796515B1-0DE9-4FD2-85BD-9B047BE63FBB}.Release|x64.ActiveCfg = Release|Any CPU
		{796515B1-0DE9-4FD2-85BD-9B047BE63FBB}.Release|x64.Build.0 = Release|Any CPU
		{796515B1-0DE9-4FD2-85BD-9B047BE63FBB}.Release|x86.ActiveCfg = Release|Any CPU
		{796515B1-0DE9-4FD2-85BD-9B047BE63FBB}.Release|x86.Build.0 = Release|Any CPU
		{BDB2C69F-644F-4562-8AC3-DB46C01630C2}.Debug|Any CPU.ActiveCfg = Debug|Any CPU
		{BDB2C69F-644F-4562-8AC3-DB46C01630C2}.Debug|Any CPU.Build.0 = Debug|Any CPU
		{BDB2C69F-644F-4562-8AC3-DB46C01630C2}.Debug|x64.ActiveCfg = Debug|Any CPU
		{BDB2C69F-644F-4562-8AC3-DB46C01630C2}.Debug|x64.Build.0 = Debug|Any CPU
		{BDB2C69F-644F-4562-8AC3-DB46C01630C2}.Debug|x86.ActiveCfg = Debug|Any CPU
		{BDB2C69F-644F-4562-8AC3-DB46C01630C2}.Debug|x86.Build.0 = Debug|Any CPU
		{BDB2C69F-644F-4562-8AC3-DB46C01630C2}.Release|Any CPU.ActiveCfg = Release|Any CPU
		{BDB2C69F-644F-4562-8AC3-DB46C01630C2}.Release|Any CPU.Build.0 = Release|Any CPU
		{BDB2C69F-644F-4562-8AC3-DB46C01630C2}.Release|x64.ActiveCfg = Release|Any CPU
		{BDB2C69F-644F-4562-8AC3-DB46C01630C2}.Release|x64.Build.0 = Release|Any CPU
		{BDB2C69F-644F-4562-8AC3-DB46C01630C2}.Release|x86.ActiveCfg = Release|Any CPU
		{BDB2C69F-644F-4562-8AC3-DB46C01630C2}.Release|x86.Build.0 = Release|Any CPU
	EndGlobalSection
EndGlobal
